
Microsoft Visual Studio Solution File, Format Version 12.00
# Visual Studio Version 17
VisualStudioVersion = 17.14.36109.1 d17.14
MinimumVisualStudioVersion = 10.0.40219.1
Project("{FAE04EC0-301F-11D3-BF4B-00C04F79EFBC}") = "GSCollect_MVC", "GSCollect_MVC.csproj", "{31BEFA6F-6507-4BF0-AEF0-A4EF0B964C9B}"
EndProject
Global
	GlobalSection(SolutionConfigurationPlatforms) = preSolution
		Debug|Any CPU = Debug|Any CPU
		Release|Any CPU = Release|Any CPU
	EndGlobalSection
	GlobalSection(ProjectConfigurationPlatforms) = postSolution
		{31BEFA6F-6507-4BF0-AEF0-A4EF0B964C9B}.Debug|Any CPU.ActiveCfg = Debug|Any CPU
		{31BEFA6F-6507-4BF0-AEF0-A4EF0B964C9B}.Debug|Any CPU.Build.0 = Debug|Any CPU
		{31BEFA6F-6507-4BF0-AEF0-A4EF0B964C9B}.Release|Any CPU.ActiveCfg = Release|Any CPU
		{31BEFA6F-6507-4BF0-AEF0-A4EF0B964C9B}.Release|Any CPU.Build.0 = Release|Any CPU
	EndGlobalSection
	GlobalSection(SolutionProperties) = preSolution
		HideSolutionNode = FALSE
	EndGlobalSection
	GlobalSection(ExtensibilityGlobals) = postSolution
		SolutionGuid = {4A92646D-D7DE-41F1-9BB2-A3ABE6771D68}
	EndGlobalSection
EndGlobal
